
Microsoft Visual Studio Solution File, Format Version 12.00
# Visual Studio Version 16
VisualStudioVersion = 16.0.30011.22
MinimumVisualStudioVersion = 10.0.40219.1
Project("{9A19103F-16F7-4668-BE54-9A1E7A4F7556}") = "StimulsoftForGd", "StimulsoftForGd\StimulsoftForGd.csproj", "{BE1FCCE8-0544-4CE0-95BE-76F2D20A3CAE}"
EndProject
Project("{9A19103F-16F7-4668-BE54-9A1E7A4F7556}") = "WebApi1", "WebApi1\WebApi1.csproj", "{7050FA25-26AC-4119-AC42-734956C3AF9E}"
	ProjectSection(ProjectDependencies) = postProject
		{785C1BE5-80F7-47A5-9E90-DD0C38304CEB} = {785C1BE5-80F7-47A5-9E90-DD0C38304CEB}
	EndProjectSection
EndProject
Project("{9A19103F-16F7-4668-BE54-9A1E7A4F7556}") = "Shared", "Shared\Shared.csproj", "{785C1BE5-80F7-47A5-9E90-DD0C38304CEB}"
EndProject
Project("{FAE04EC0-301F-11D3-BF4B-00C04F79EFBC}") = "ConsoleApp1", "ConsoleApp1\ConsoleApp1.csproj", "{EA5F5E62-B4ED-4E11-9AF0-B4F2D396315F}"
EndProject
Global
	GlobalSection(SolutionConfigurationPlatforms) = preSolution
		Debug|Any CPU = Debug|Any CPU
		Release|Any CPU = Release|Any CPU
	EndGlobalSection
	GlobalSection(ProjectConfigurationPlatforms) = postSolution
		{BE1FCCE8-0544-4CE0-95BE-76F2D20A3CAE}.Debug|Any CPU.ActiveCfg = Debug|Any CPU
		{BE1FCCE8-0544-4CE0-95BE-76F2D20A3CAE}.Debug|Any CPU.Build.0 = Debug|Any CPU
		{BE1FCCE8-0544-4CE0-95BE-76F2D20A3CAE}.Release|Any CPU.ActiveCfg = Release|Any CPU
		{BE1FCCE8-0544-4CE0-95BE-76F2D20A3CAE}.Release|Any CPU.Build.0 = Release|Any CPU
		{7050FA25-26AC-4119-AC42-734956C3AF9E}.Debug|Any CPU.ActiveCfg = Debug|Any CPU
		{7050FA25-26AC-4119-AC42-734956C3AF9E}.Debug|Any CPU.Build.0 = Debug|Any CPU
		{7050FA25-26AC-4119-AC42-734956C3AF9E}.Release|Any CPU.ActiveCfg = Release|Any CPU
		{7050FA25-26AC-4119-AC42-734956C3AF9E}.Release|Any CPU.Build.0 = Release|Any CPU
		{785C1BE5-80F7-47A5-9E90-DD0C38304CEB}.Debug|Any CPU.ActiveCfg = Debug|Any CPU
		{785C1BE5-80F7-47A5-9E90-DD0C38304CEB}.Debug|Any CPU.Build.0 = Debug|Any CPU
		{785C1BE5-80F7-47A5-9E90-DD0C38304CEB}.Release|Any CPU.ActiveCfg = Release|Any CPU
		{785C1BE5-80F7-47A5-9E90-DD0C38304CEB}.Release|Any CPU.Build.0 = Release|Any CPU
		{EA5F5E62-B4ED-4E11-9AF0-B4F2D396315F}.Debug|Any CPU.ActiveCfg = Debug|Any CPU
		{EA5F5E62-B4ED-4E11-9AF0-B4F2D396315F}.Debug|Any CPU.Build.0 = Debug|Any CPU
		{EA5F5E62-B4ED-4E11-9AF0-B4F2D396315F}.Release|Any CPU.ActiveCfg = Release|Any CPU
		{EA5F5E62-B4ED-4E11-9AF0-B4F2D396315F}.Release|Any CPU.Build.0 = Release|Any CPU
	EndGlobalSection
	GlobalSection(SolutionProperties) = preSolution
		HideSolutionNode = FALSE
	EndGlobalSection
	GlobalSection(ExtensibilityGlobals) = postSolution
		SolutionGuid = {E686F984-B1E3-4F25-84F8-81602A4DC0D8}
	EndGlobalSection
EndGlobal
